dependencies:
- name: agentgateway
  repository: oci://cr.agentgateway.dev/charts
  version: v1.4.1
- name: valkey
  repository: https://valkey-io.github.io/valkey-helm
  version: 0.11.0
digest: sha256:a299d34bdaf1ef3b590df87a210d3153fad8ca6f3d80ef11681c9e658152fb82
generated: "2026-08-05T05:05:17.231132406Z"
